// !$*UTF8*$!
{
	archiveVersion = 1;
	classes = {
	};
	objectVersion = 56;
	objects = {

/* Begin PBXBuildFile section */
		A809981D28DD7CE100CBDCDD /* AmiiboModel.swift in Sources */ = {isa = PBXBuildFile; fileRef = A809981C28DD7CE100CBDCDD /* AmiiboModel.swift */; };
		A809982128DD8C2900CBDCDD /* CustomTableViewCell.swift in Sources */ = {isa = PBXBuildFile; fileRef = A809982028DD8C2900CBDCDD /* CustomTableViewCell.swift */; };
		A865691B28DC83AA0074995C /* AppDelegate.swift in Sources */ = {isa = PBXBuildFile; fileRef = A865691A28DC83AA0074995C /* AppDelegate.swift */; };
		A865691D28DC83AA0074995C /* SceneDelegate.swift in Sources */ = {isa = PBXBuildFile; fileRef = A865691C28DC83AA0074995C /* SceneDelegate.swift */; };
		A865691F28DC83AA0074995C /* ViewController.swift in Sources */ = {isa = PBXBuildFile; fileRef = A865691E28DC83AA0074995C /* ViewController.swift */; };
		A865692228DC83AA0074995C /* Main.storyboard in Resources */ = {isa = PBXBuildFile; fileRef = A865692028DC83AA0074995C /* Main.storyboard */; };
		A865692428DC83AC0074995C /* Assets.xcassets in Resources */ = {isa = PBXBuildFile; fileRef = A865692328DC83AC0074995C /* Assets.xcassets */; };
		A865692728DC83AC0074995C /* LaunchScreen.storyboard in Resources */ = {isa = PBXBuildFile; fileRef = A865692528DC83AC0074995C /* LaunchScreen.storyboard */; };
		A865693228DC83AC0074995C /* FillTableViewWithAPIDataTests.swift in Sources */ = {isa = PBXBuildFile; fileRef = A865693128DC83AC0074995C /* FillTableViewWithAPIDataTests.swift */; };
		A865693C28DC83AC0074995C /* FillTableViewWithAPIDataUITests.swift in Sources */ = {isa = PBXBuildFile; fileRef = A865693B28DC83AC0074995C /* FillTableViewWithAPIDataUITests.swift */; };
		A865693E28DC83AC0074995C /* FillTableViewWithAPIDataUITestsLaunchTests.swift in Sources */ = {isa = PBXBuildFile; fileRef = A865693D28DC83AC0074995C /* FillTableViewWithAPIDataUITestsLaunchTests.swift */; };
		A865694D28DC97290074995C /* NetworkManager.swift in Sources */ = {isa = PBXBuildFile; fileRef = A865694C28DC97290074995C /* NetworkManager.swift */; };
		A865694F28DC995A0074995C /* DataModel.swift in Sources */ = {isa = PBXBuildFile; fileRef = A865694E28DC995A0074995C /* DataModel.swift */; };
/* End PBXBuildFile section */

/* Begin PBXContainerItemProxy section */
		A865692E28DC83AC0074995C /* PBXContainerItemProxy */ = {
			isa = PBXContainerItemProxy;
			containerPortal = A865690F28DC83AA0074995C /* Project object */;
			proxyType = 1;
			remoteGlobalIDString = A865691628DC83AA0074995C;
			remoteInfo = FillTableViewWithAPIData;
		};
		A865693828DC83AC0074995C /* PBXContainerItemProxy */ = {
			isa = PBXContainerItemProxy;
			containerPortal = A865690F28DC83AA0074995C /* Project object */;
			proxyType = 1;
			remoteGlobalIDString = A865691628DC83AA0074995C;
			remoteInfo = FillTableViewWithAPIData;
		};
/* End PBXContainerItemProxy section */

/* Begin PBXFileReference section */
		A809981C28DD7CE100CBDCDD /* AmiiboModel.swift */ = {isa = PBXFileReference; lastKnownFileType = sourcecode.swift; path = AmiiboModel.swift; sourceTree = "<group>"; };
		A809982028DD8C2900CBDCDD /* CustomTableViewCell.swift */ = {isa = PBXFileReference; lastKnownFileType = sourcecode.swift; path = CustomTableViewCell.swift; sourceTree = "<group>"; };
		A865691728DC83AA0074995C /* FillTableViewWithAPIData.app */ = {isa = PBXFileReference; explicitFileType = wrapper.application; includeInIndex = 0; path = FillTableViewWithAPIData.app; sourceTree = BUILT_PRODUCTS_DIR; };
		A865691A28DC83AA0074995C /* AppDelegate.swift */ = {isa = PBXFileReference; lastKnownFileType = sourcecode.swift; path = AppDelegate.swift; sourceTree = "<group>"; };
		A865691C28DC83AA0074995C /* SceneDelegate.swift */ = {isa = PBXFileReference; lastKnownFileType = sourcecode.swift; path = SceneDelegate.swift; sourceTree = "<group>"; };
		A865691E28DC83AA0074995C /* ViewController.swift */ = {isa = PBXFileReference; lastKnownFileType = sourcecode.swift; path = ViewController.swift; sourceTree = "<group>"; };
		A865692128DC83AA0074995C /* Base */ = {isa = PBXFileReference; lastKnownFileType = file.storyboard; name = Base; path = Base.lproj/Main.storyboard; sourceTree = "<group>"; };
		A865692328DC83AC0074995C /* Assets.xcassets */ = {isa = PBXFileReference; lastKnownFileType = folder.assetcatalog; path = Assets.xcassets; sourceTree = "<group>"; };
		A865692628DC83AC0074995C /* Base */ = {isa = PBXFileReference; lastKnownFileType = file.storyboard; name = Base; path = Base.lproj/LaunchScreen.storyboard; sourceTree = "<group>"; };
		A865692828DC83AC0074995C /* Info.plist */ = {isa = PBXFileReference; lastKnownFileType = text.plist.xml; path = Info.plist; sourceTree = "<group>"; };
		A865692D28DC83AC0074995C /* FillTableViewWithAPIDataTests.xctest */ = {isa = PBXFileReference; explicitFileType = wrapper.cfbundle; includeInIndex = 0; path = FillTableViewWithAPIDataTests.xctest; sourceTree = BUILT_PRODUCTS_DIR; };
		A865693128DC83AC0074995C /* FillTableViewWithAPIDataTests.swift */ = {isa = PBXFileReference; lastKnownFileType = sourcecode.swift; path = FillTableViewWithAPIDataTests.swift; sourceTree = "<group>"; };
		A865693728DC83AC0074995C /* FillTableViewWithAPIDataUITests.xctest */ = {isa = PBXFileReference; explicitFileType = wrapper.cfbundle; includeInIndex = 0; path = FillTableViewWithAPIDataUITests.xctest; sourceTree = BUILT_PRODUCTS_DIR; };
		A865693B28DC83AC0074995C /* FillTableViewWithAPIDataUITests.swift */ = {isa = PBXFileReference; lastKnownFileType = sourcecode.swift; path = FillTableViewWithAPIDataUITests.swift; sourceTree = "<group>"; };
		A865693D28DC83AC0074995C /* FillTableViewWithAPIDataUITestsLaunchTests.swift */ = {isa = PBXFileReference; lastKnownFileType = sourcecode.swift; path = FillTableViewWithAPIDataUITestsLaunchTests.swift; sourceTree = "<group>"; };
		A865694C28DC97290074995C /* NetworkManager.swift */ = {isa = PBXFileReference; lastKnownFileType = sourcecode.swift; path = NetworkManager.swift; sourceTree = "<group>"; };
		A865694E28DC995A0074995C /* DataModel.swift */ = {isa = PBXFileReference; lastKnownFileType = sourcecode.swift; path = DataModel.swift; sourceTree = "<group>"; };
/* End PBXFileReference section */

/* Begin PBXFrameworksBuildPhase section */
		A865691428DC83AA0074995C /* Frameworks */ = {
			isa = PBXFrameworksBuildPhase;
			buildActionMask = 2147483647;
			files = (
			);
			runOnlyForDeploymentPostprocessing = 0;
		};
		A865692A28DC83AC0074995C /* Frameworks */ = {
			isa = PBXFrameworksBuildPhase;
			buildActionMask = 2147483647;
			files = (
			);
			runOnlyForDeploymentPostprocessing = 0;
		};
		A865693428DC83AC0074995C /* Frameworks */ = {
			isa = PBXFrameworksBuildPhase;
			buildActionMask = 2147483647;
			files = (
			);
			runOnlyForDeploymentPostprocessing = 0;
		};
/* End PBXFrameworksBuildPhase section */

/* Begin PBXGroup section */
		A865690E28DC83AA0074995C = {
			isa = PBXGroup;
			children = (
				A865691928DC83AA0074995C /* FillTableViewWithAPIData */,
				A865693028DC83AC0074995C /* FillTableViewWithAPIDataTests */,
				A865693A28DC83AC0074995C /* FillTableViewWithAPIDataUITests */,
				A865691828DC83AA0074995C /* Products */,
			);
			sourceTree = "<group>";
		};
		A865691828DC83AA0074995C /* Products */ = {
			isa = PBXGroup;
			children = (
				A865691728DC83AA0074995C /* FillTableViewWithAPIData.app */,
				A865692D28DC83AC0074995C /* FillTableViewWithAPIDataTests.xctest */,
				A865693728DC83AC0074995C /* FillTableViewWithAPIDataUITests.xctest */,
			);
			name = Products;
			sourceTree = "<group>";
		};
		A865691928DC83AA0074995C /* FillTableViewWithAPIData */ = {
			isa = PBXGroup;
			children = (
				A865691A28DC83AA0074995C /* AppDelegate.swift */,
				A865691C28DC83AA0074995C /* SceneDelegate.swift */,
				A865691E28DC83AA0074995C /* ViewController.swift */,
				A865694C28DC97290074995C /* NetworkManager.swift */,
				A809981C28DD7CE100CBDCDD /* AmiiboModel.swift */,
				A809982028DD8C2900CBDCDD /* CustomTableViewCell.swift */,
				A865694E28DC995A0074995C /* DataModel.swift */,
				A865692028DC83AA0074995C /* Main.storyboard */,
				A865692328DC83AC0074995C /* Assets.xcassets */,
				A865692528DC83AC0074995C /* LaunchScreen.storyboard */,
				A865692828DC83AC0074995C /* Info.plist */,
			);
			path = FillTableViewWithAPIData;
			sourceTree = "<group>";
		};
		A865693028DC83AC0074995C /* FillTableViewWithAPIDataTests */ = {
			isa = PBXGroup;
			children = (
				A865693128DC83AC0074995C /* FillTableViewWithAPIDataTests.swift */,
			);
			path = FillTableViewWithAPIDataTests;
			sourceTree = "<group>";
		};
		A865693A28DC83AC0074995C /* FillTableViewWithAPIDataUITests */ = {
			isa = PBXGroup;
			children = (
				A865693B28DC83AC0074995C /* FillTableViewWithAPIDataUITests.swift */,
				A865693D28DC83AC0074995C /* FillTableViewWithAPIDataUITestsLaunchTests.swift */,
			);
			path = FillTableViewWithAPIDataUITests;
			sourceTree = "<group>";
		};
/* End PBXGroup section */

/* Begin PBXNativeTarget section */
		A865691628DC83AA0074995C /* FillTableViewWithAPIData */ = {
			isa = PBXNativeTarget;
			buildConfigurationList = A865694128DC83AC0074995C /* Build configuration list for PBXNativeTarget "FillTableViewWithAPIData" */;
			buildPhases = (
				A865691328DC83AA0074995C /* Sources */,
				A865691428DC83AA0074995C /* Frameworks */,
				A865691528DC83AA0074995C /* Resources */,
			);
			buildRules = (
			);
			dependencies = (
			);
			name = FillTableViewWithAPIData;
			productName = FillTableViewWithAPIData;
			productReference = A865691728DC83AA0074995C /* FillTableViewWithAPIData.app */;
			productType = "com.apple.product-type.application";
		};
		A865692C28DC83AC0074995C /* FillTableViewWithAPIDataTests */ = {
			isa = PBXNativeTarget;
			buildConfigurationList = A865694428DC83AC0074995C /* Build configuration list for PBXNativeTarget "FillTableViewWithAPIDataTests" */;
			buildPhases = (
				A865692928DC83AC0074995C /* Sources */,
				A865692A28DC83AC0074995C /* Frameworks */,
				A865692B28DC83AC0074995C /* Resources */,
			);
			buildRules = (
			);
			dependencies = (
				A865692F28DC83AC0074995C /* PBXTargetDependency */,
			);
			name = FillTableViewWithAPIDataTests;
			productName = FillTableViewWithAPIDataTests;
			productReference = A865692D28DC83AC0074995C /* FillTableViewWithAPIDataTests.xctest */;
			productType = "com.apple.product-type.bundle.unit-test";
		};
		A865693628DC83AC0074995C /* FillTableViewWithAPIDataUITests */ = {
			isa = PBXNativeTarget;
			buildConfigurationList = A865694728DC83AC0074995C /* Build configuration list for PBXNativeTarget "FillTableViewWithAPIDataUITests" */;
			buildPhases = (
				A865693328DC83AC0074995C /* Sources */,
				A865693428DC83AC0074995C /* Frameworks */,
				A865693528DC83AC0074995C /* Resources */,
			);
			buildRules = (
			);
			dependencies = (
				A865693928DC83AC0074995C /* PBXTargetDependency */,
			);
			name = FillTableViewWithAPIDataUITests;
			productName = FillTableViewWithAPIDataUITests;
			productReference = A865693728DC83AC0074995C /* FillTableViewWithAPIDataUITests.xctest */;
			productType = "com.apple.product-type.bundle.ui-testing";
		};
/* End PBXNativeTarget section */

/* Begin PBXProject section */
		A865690F28DC83AA0074995C /* Project object */ = {
			isa = PBXProject;
			attributes = {
				BuildIndependentTargetsInParallel = 1;
				LastSwiftUpdateCheck = 1400;
				LastUpgradeCheck = 1400;
				TargetAttributes = {
					A865691628DC83AA0074995C = {
						CreatedOnToolsVersion = 14.0;
					};
					A865692C28DC83AC0074995C = {
						CreatedOnToolsVersion = 14.0;
						TestTargetID = A865691628DC83AA0074995C;
					};
					A865693628DC83AC0074995C = {
						CreatedOnToolsVersion = 14.0;
						TestTargetID = A865691628DC83AA0074995C;
					};
				};
			};
			buildConfigurationList = A865691228DC83AA0074995C /* Build configuration list for PBXProject "FillTableViewWithAPIData" */;
			compatibilityVersion = "Xcode 14.0";
			developmentRegion = en;
			hasScannedForEncodings = 0;
			knownRegions = (
				en,
				Base,
			);
			mainGroup = A865690E28DC83AA0074995C;
			productRefGroup = A865691828DC83AA0074995C /* Products */;
			projectDirPath = "";
			projectRoot = "";
			targets = (
				A865691628DC83AA0074995C /* FillTableViewWithAPIData */,
				A865692C28DC83AC0074995C /* FillTableViewWithAPIDataTests */,
				A865693628DC83AC0074995C /* FillTableViewWithAPIDataUITests */,
			);
		};
/* End PBXProject section */

/* Begin PBXResourcesBuildPhase section */
		A865691528DC83AA0074995C /* Resources */ = {
			isa = PBXResourcesBuildPhase;
			buildActionMask = 2147483647;
			files = (
				A865692728DC83AC0074995C /* LaunchScreen.storyboard in Resources */,
				A865692428DC83AC0074995C /* Assets.xcassets in Resources */,
				A865692228DC83AA0074995C /* Main.storyboard in Resources */,
			);
			runOnlyForDeploymentPostprocessing = 0;
		};
		A865692B28DC83AC0074995C /* Resources */ = {
			isa = PBXResourcesBuildPhase;
			buildActionMask = 2147483647;
			files = (
			);
			runOnlyForDeploymentPostprocessing = 0;
		};
		A865693528DC83AC0074995C /* Resources */ = {
			isa = PBXResourcesBuildPhase;
			buildActionMask = 2147483647;
			files = (
			);
			runOnlyForDeploymentPostprocessing = 0;
		};
/* End PBXResourcesBuildPhase section */

/* Begin PBXSourcesBuildPhase section */
		A865691328DC83AA0074995C /* Sources */ = {
			isa = PBXSourcesBuildPhase;
			buildActionMask = 2147483647;
			files = (
				A865691F28DC83AA0074995C /* ViewController.swift in Sources */,
				A865694D28DC97290074995C /* NetworkManager.swift in Sources */,
				A865691B28DC83AA0074995C /* AppDelegate.swift in Sources */,
				A809982128DD8C2900CBDCDD /* CustomTableViewCell.swift in Sources */,
				A809981D28DD7CE100CBDCDD /* AmiiboModel.swift in Sources */,
				A865691D28DC83AA0074995C /* SceneDelegate.swift in Sources */,
				A865694F28DC995A0074995C /* DataModel.swift in Sources */,
			);
			runOnlyForDeploymentPostprocessing = 0;
		};
		A865692928DC83AC0074995C /* Sources */ = {
			isa = PBXSourcesBuildPhase;
			buildActionMask = 2147483647;
			files = (
				A865693228DC83AC0074995C /* FillTableViewWithAPIDataTests.swift in Sources */,
			);
			runOnlyForDeploymentPostprocessing = 0;
		};
		A865693328DC83AC0074995C /* Sources */ = {
			isa = PBXSourcesBuildPhase;
			buildActionMask = 2147483647;
			files = (
				A865693E28DC83AC0074995C /* FillTableViewWithAPIDataUITestsLaunchTests.swift in Sources */,
				A865693C28DC83AC0074995C /* FillTableViewWithAPIDataUITests.swift in Sources */,
			);
			runOnlyForDeploymentPostprocessing = 0;
		};
/* End PBXSourcesBuildPhase section */

/* Begin PBXTargetDependency section */
		A865692F28DC83AC0074995C /* PBXTargetDependency */ = {
			isa = PBXTargetDependency;
			target = A865691628DC83AA0074995C /* FillTableViewWithAPIData */;
			targetProxy = A865692E28DC83AC0074995C /* PBXContainerItemProxy */;
		};
		A865693928DC83AC0074995C /* PBXTargetDependency */ = {
			isa = PBXTargetDependency;
			target = A865691628DC83AA0074995C /* FillTableViewWithAPIData */;
			targetProxy = A865693828DC83AC0074995C /* PBXContainerItemProxy */;
		};
/* End PBXTargetDependency section */

/* Begin PBXVariantGroup section */
		A865692028DC83AA0074995C /* Main.storyboard */ = {
			isa = PBXVariantGroup;
			children = (
				A865692128DC83AA0074995C /* Base */,
			);
			name = Main.storyboard;
			sourceTree = "<group>";
		};
		A865692528DC83AC0074995C /* LaunchScreen.storyboard */ = {
			isa = PBXVariantGroup;
			children = (
				A865692628DC83AC0074995C /* Base */,
			);
			name = LaunchScreen.storyboard;
			sourceTree = "<group>";
		};
/* End PBXVariantGroup section */

/* Begin XCBuildConfiguration section */
		A865693F28DC83AC0074995C /* Debug */ = {
			isa = XCBuildConfiguration;
			buildSettings = {
				ALWAYS_SEARCH_USER_PATHS = NO;
				CLANG_ANALYZER_NONNULL = YES;
				CLANG_ANALYZER_NUMBER_OBJECT_CONVERSION = YES_AGGRESSIVE;
				CLANG_CXX_LANGUAGE_STANDARD = "gnu++20";
				CLANG_ENABLE_MODULES = YES;
				CLANG_ENABLE_OBJC_ARC = YES;
				CLANG_ENABLE_OBJC_WEAK = YES;
				CLANG_WARN_BLOCK_CAPTURE_AUTORELEASING = YES;
				CLANG_WARN_BOOL_CONVERSION = YES;
				CLANG_WARN_COMMA = YES;
				CLANG_WARN_CONSTANT_CONVERSION = YES;
				CLANG_WARN_DEPRECATED_OBJC_IMPLEMENTATIONS = YES;
				CLANG_WARN_DIRECT_OBJC_ISA_USAGE = YES_ERROR;
				CLANG_WARN_DOCUMENTATION_COMMENTS = YES;
				CLANG_WARN_EMPTY_BODY = YES;
				CLANG_WARN_ENUM_CONVERSION = YES;
				CLANG_WARN_INFINITE_RECURSION = YES;
				CLANG_WARN_INT_CONVERSION = YES;
				CLANG_WARN_NON_LITERAL_NULL_CONVERSION = YES;
				CLANG_WARN_OBJC_IMPLICIT_RETAIN_SELF = YES;
				CLANG_WARN_OBJC_LITERAL_CONVERSION = YES;
				CLANG_WARN_OBJC_ROOT_CLASS = YES_ERROR;
				CLANG_WARN_QUOTED_INCLUDE_IN_FRAMEWORK_HEADER = YES;
				CLANG_WARN_RANGE_LOOP_ANALYSIS = YES;
				CLANG_WARN_STRICT_PROTOTYPES = YES;
				CLANG_WARN_SUSPICIOUS_MOVE = YES;
				CLANG_WARN_UNGUARDED_AVAILABILITY = YES_AGGRESSIVE;
				CLANG_WARN_UNREACHABLE_CODE = YES;
				CLANG_WARN__DUPLICATE_METHOD_MATCH = YES;
				COPY_PHASE_STRIP = NO;
				DEBUG_INFORMATION_FORMAT = dwarf;
				ENABLE_STRICT_OBJC_MSGSEND = YES;
				ENABLE_TESTABILITY = YES;
				GCC_C_LANGUAGE_STANDARD = gnu11;
				GCC_DYNAMIC_NO_PIC = NO;
				GCC_NO_COMMON_BLOCKS = YES;
				GCC_OPTIMIZATION_LEVEL = 0;
				GCC_PREPROCESSOR_DEFINITIONS = (
					"DEBUG=1",
					"$(inherited)",
				);
				GCC_WARN_64_TO_32_BIT_CONVERSION = YES;
				GCC_WARN_ABOUT_RETURN_TYPE = YES_ERROR;
				GCC_WARN_UNDECLARED_SELECTOR = YES;
				GCC_WARN_UNINITIALIZED_AUTOS = YES_AGGRESSIVE;
				GCC_WARN_UNUSED_FUNCTION = YES;
				GCC_WARN_UNUSED_VARIABLE = YES;
				IPHONEOS_DEPLOYMENT_TARGET = 16.0;
				MTL_ENABLE_DEBUG_INFO = INCLUDE_SOURCE;
				MTL_FAST_MATH = YES;
				ONLY_ACTIVE_ARCH = YES;
				SDKROOT = iphoneos;
				SWIFT_ACTIVE_COMPILATION_CONDITIONS = DEBUG;
				SWIFT_OPTIMIZATION_LEVEL = "-Onone";
			};
			name = Debug;
		};
		A865694028DC83AC0074995C /* Release */ = {
			isa = XCBuildConfiguration;
			buildSettings = {
				ALWAYS_SEARCH_USER_PATHS = NO;
				CLANG_ANALYZER_NONNULL = YES;
				CLANG_ANALYZER_NUMBER_OBJECT_CONVERSION = YES_AGGRESSIVE;
				CLANG_CXX_LANGUAGE_STANDARD = "gnu++20";
				CLANG_ENABLE_MODULES = YES;
				CLANG_ENABLE_OBJC_ARC = YES;
				CLANG_ENABLE_OBJC_WEAK = YES;
				CLANG_WARN_BLOCK_CAPTURE_AUTORELEASING = YES;
				CLANG_WARN_BOOL_CONVERSION = YES;
				CLANG_WARN_COMMA = YES;
				CLANG_WARN_CONSTANT_CONVERSION = YES;
				CLANG_WARN_DEPRECATED_OBJC_IMPLEMENTATIONS = YES;
				CLANG_WARN_DIRECT_OBJC_ISA_USAGE = YES_ERROR;
				CLANG_WARN_DOCUMENTATION_COMMENTS = YES;
				CLANG_WARN_EMPTY_BODY = YES;
				CLANG_WARN_ENUM_CONVERSION = YES;
				CLANG_WARN_INFINITE_RECURSION = YES;
				CLANG_WARN_INT_CONVERSION = YES;
				CLANG_WARN_NON_LITERAL_NULL_CONVERSION = YES;
				CLANG_WARN_OBJC_IMPLICIT_RETAIN_SELF = YES;
				CLANG_WARN_OBJC_LITERAL_CONVERSION = YES;
				CLANG_WARN_OBJC_ROOT_CLASS = YES_ERROR;
				CLANG_WARN_QUOTED_INCLUDE_IN_FRAMEWORK_HEADER = YES;
				CLANG_WARN_RANGE_LOOP_ANALYSIS = YES;
				CLANG_WARN_STRICT_PROTOTYPES = YES;
				CLANG_WARN_SUSPICIOUS_MOVE = YES;
				CLANG_WARN_UNGUARDED_AVAILABILITY = YES_AGGRESSIVE;
				CLANG_WARN_UNREACHABLE_CODE = YES;
				CLANG_WARN__DUPLICATE_METHOD_MATCH = YES;
				COPY_PHASE_STRIP = NO;
				DEBUG_INFORMATION_FORMAT = "dwarf-with-dsym";
				ENABLE_NS_ASSERTIONS = NO;
				ENABLE_STRICT_OBJC_MSGSEND = YES;
				GCC_C_LANGUAGE_STANDARD = gnu11;
				GCC_NO_COMMON_BLOCKS = YES;
				GCC_WARN_64_TO_32_BIT_CONVERSION = YES;
				GCC_WARN_ABOUT_RETURN_TYPE = YES_ERROR;
				GCC_WARN_UNDECLARED_SELECTOR = YES;
				GCC_WARN_UNINITIALIZED_AUTOS = YES_AGGRESSIVE;
				GCC_WARN_UNUSED_FUNCTION = YES;
				GCC_WARN_UNUSED_VARIABLE = YES;
				IPHONEOS_DEPLOYMENT_TARGET = 16.0;
				MTL_ENABLE_DEBUG_INFO = NO;
				MTL_FAST_MATH = YES;
				SDKROOT = iphoneos;
				SWIFT_COMPILATION_MODE = wholemodule;
				SWIFT_OPTIMIZATION_LEVEL = "-O";
				VALIDATE_PRODUCT = YES;
			};
			name = Release;
		};
		A865694228DC83AC0074995C /* Debug */ = {
			isa = XCBuildConfiguration;
			buildSettings = {
				ASSETCATALOG_COMPILER_APPICON_NAME = AppIcon;
				ASSETCATALOG_COMPILER_GLOBAL_ACCENT_COLOR_NAME = AccentColor;
				CODE_SIGN_STYLE = Automatic;
				CURRENT_PROJECT_VERSION = 1;
				GENERATE_INFOPLIST_FILE = YES;
				INFOPLIST_FILE = FillTableViewWithAPIData/Info.plist;
				INFOPLIST_KEY_UIApplicationSupportsIndirectInputEvents = YES;
				INFOPLIST_KEY_UILaunchStoryboardName = LaunchScreen;
				INFOPLIST_KEY_UIMainStoryboardFile = Main;
				INFOPLIST_KEY_UISupportedInterfaceOrientations_iPad = "UIInterfaceOrientationPortrait UIInterfaceOrientationPortraitUpsideDown UIInterfaceOrientationLandscapeLeft UIInterfaceOrientationLandscapeRight";
				INFOPLIST_KEY_UISupportedInterfaceOrientations_iPhone = "UIInterfaceOrientationPortrait UIInterfaceOrientationLandscapeLeft UIInterfaceOrientationLandscapeRight";
				LD_RUNPATH_SEARCH_PATHS = (
					"$(inherited)",
					"@executable_path/Frameworks",
				);
				MARKETING_VERSION = 1.0;
				PRODUCT_BUNDLE_IDENTIFIER = www.practice.FillTableViewWithAPIData;
				PRODUCT_NAME = "$(TARGET_NAME)";
				SWIFT_EMIT_LOC_STRINGS = YES;
				SWIFT_VERSION = 5.0;
				TARGETED_DEVICE_FAMILY = "1,2";
			};
			name = Debug;
		};
		A865694328DC83AC0074995C /* Release */ = {
			isa = XCBuildConfiguration;
			buildSettings = {
				ASSETCATALOG_COMPILER_APPICON_NAME = AppIcon;
				ASSETCATALOG_COMPILER_GLOBAL_ACCENT_COLOR_NAME = AccentColor;
				CODE_SIGN_STYLE = Automatic;
				CURRENT_PROJECT_VERSION = 1;
				GENERATE_INFOPLIST_FILE = YES;
				INFOPLIST_FILE = FillTableViewWithAPIData/Info.plist;
				INFOPLIST_KEY_UIApplicationSupportsIndirectInputEvents = YES;
				INFOPLIST_KEY_UILaunchStoryboardName = LaunchScreen;
				INFOPLIST_KEY_UIMainStoryboardFile = Main;
				INFOPLIST_KEY_UISupportedInterfaceOrientations_iPad = "UIInterfaceOrientationPortrait UIInterfaceOrientationPortraitUpsideDown UIInterfaceOrientationLandscapeLeft UIInterfaceOrientationLandscapeRight";
				INFOPLIST_KEY_UISupportedInterfaceOrientations_iPhone = "UIInterfaceOrientationPortrait UIInterfaceOrientationLandscapeLeft UIInterfaceOrientationLandscapeRight";
				LD_RUNPATH_SEARCH_PATHS = (
					"$(inherited)",
					"@executable_path/Frameworks",
				);
				MARKETING_VERSION = 1.0;
				PRODUCT_BUNDLE_IDENTIFIER = www.practice.FillTableViewWithAPIData;
				PRODUCT_NAME = "$(TARGET_NAME)";
				SWIFT_EMIT_LOC_STRINGS = YES;
				SWIFT_VERSION = 5.0;
				TARGETED_DEVICE_FAMILY = "1,2";
			};
			name = Release;
		};
		A865694528DC83AC0074995C /* Debug */ = {
			isa = XCBuildConfiguration;
			buildSettings = {
				ALWAYS_EMBED_SWIFT_STANDARD_LIBRARIES = YES;
				BUNDLE_LOADER = "$(TEST_HOST)";
				CODE_SIGN_STYLE = Automatic;
				CURRENT_PROJECT_VERSION = 1;
				GENERATE_INFOPLIST_FILE = YES;
				IPHONEOS_DEPLOYMENT_TARGET = 16.0;
				MARKETING_VERSION = 1.0;
				PRODUCT_BUNDLE_IDENTIFIER = www.practice.FillTableViewWithAPIDataTests;
				PRODUCT_NAME = "$(TARGET_NAME)";
				SWIFT_EMIT_LOC_STRINGS = NO;
				SWIFT_VERSION = 5.0;
				TARGETED_DEVICE_FAMILY = "1,2";
				TEST_HOST = "$(BUILT_PRODUCTS_DIR)/FillTableViewWithAPIData.app/$(BUNDLE_EXECUTABLE_FOLDER_PATH)/FillTableViewWithAPIData";
			};
			name = Debug;
		};
		A865694628DC83AC0074995C /* Release */ = {
			isa = XCBuildConfiguration;
			buildSettings = {
				ALWAYS_EMBED_SWIFT_STANDARD_LIBRARIES = YES;
				BUNDLE_LOADER = "$(TEST_HOST)";
				CODE_SIGN_STYLE = Automatic;
				CURRENT_PROJECT_VERSION = 1;
				GENERATE_INFOPLIST_FILE = YES;
				IPHONEOS_DEPLOYMENT_TARGET = 16.0;
				MARKETING_VERSION = 1.0;
				PRODUCT_BUNDLE_IDENTIFIER = www.practice.FillTableViewWithAPIDataTests;
				PRODUCT_NAME = "$(TARGET_NAME)";
				SWIFT_EMIT_LOC_STRINGS = NO;
				SWIFT_VERSION = 5.0;
				TARGETED_DEVICE_FAMILY = "1,2";
				TEST_HOST = "$(BUILT_PRODUCTS_DIR)/FillTableViewWithAPIData.app/$(BUNDLE_EXECUTABLE_FOLDER_PATH)/FillTableViewWithAPIData";
			};
			name = Release;
		};
		A865694828DC83AC0074995C /* Debug */ = {
			isa = XCBuildConfiguration;
			buildSettings = {
				ALWAYS_EMBED_SWIFT_STANDARD_LIBRARIES = YES;
				CODE_SIGN_STYLE = Automatic;
				CURRENT_PROJECT_VERSION = 1;
				GENERATE_INFOPLIST_FILE = YES;
				MARKETING_VERSION = 1.0;
				PRODUCT_BUNDLE_IDENTIFIER = www.practice.FillTableViewWithAPIDataUITests;
				PRODUCT_NAME = "$(TARGET_NAME)";
				SWIFT_EMIT_LOC_STRINGS = NO;
				SWIFT_VERSION = 5.0;
				TARGETED_DEVICE_FAMILY = "1,2";
				TEST_TARGET_NAME = FillTableViewWithAPIData;
			};
			name = Debug;
		};
		A865694928DC83AC0074995C /* Release */ = {
			isa = XCBuildConfiguration;
			buildSettings = {
				ALWAYS_EMBED_SWIFT_STANDARD_LIBRARIES = YES;
				CODE_SIGN_STYLE = Automatic;
				CURRENT_PROJECT_VERSION = 1;
				GENERATE_INFOPLIST_FILE = YES;
				MARKETING_VERSION = 1.0;
				PRODUCT_BUNDLE_IDENTIFIER = www.practice.FillTableViewWithAPIDataUITests;
				PRODUCT_NAME = "$(TARGET_NAME)";
				SWIFT_EMIT_LOC_STRINGS = NO;
				SWIFT_VERSION = 5.0;
				TARGETED_DEVICE_FAMILY = "1,2";
				TEST_TARGET_NAME = FillTableViewWithAPIData;
			};
			name = Release;
		};
/* End XCBuildConfiguration section */

/* Begin XCConfigurationList section */
		A865691228DC83AA0074995C /* Build configuration list for PBXProject "FillTableViewWithAPIData" */ = {
			isa = XCConfigurationList;
			buildConfigurations = (
				A865693F28DC83AC0074995C /* Debug */,
				A865694028DC83AC0074995C /* Release */,
			);
			defaultConfigurationIsVisible = 0;
			defaultConfigurationName = Release;
		};
		A865694128DC83AC0074995C /* Build configuration list for PBXNativeTarget "FillTableViewWithAPIData" */ = {
			isa = XCConfigurationList;
			buildConfigurations = (
				A865694228DC83AC0074995C /* Debug */,
				A865694328DC83AC0074995C /* Release */,
			);
			defaultConfigurationIsVisible = 0;
			defaultConfigurationName = Release;
		};
		A865694428DC83AC0074995C /* Build configuration list for PBXNativeTarget "FillTableViewWithAPIDataTests" */ = {
			isa = XCConfigurationList;
			buildConfigurations = (
				A865694528DC83AC0074995C /* Debug */,
				A865694628DC83AC0074995C /* Release */,
			);
			defaultConfigurationIsVisible = 0;
			defaultConfigurationName = Release;
		};
		A865694728DC83AC0074995C /* Build configuration list for PBXNativeTarget "FillTableViewWithAPIDataUITests" */ = {
			isa = XCConfigurationList;
			buildConfigurations = (
				A865694828DC83AC0074995C /* Debug */,
				A865694928DC83AC0074995C /* Release */,
			);
			defaultConfigurationIsVisible = 0;
			defaultConfigurationName = Release;
		};
/* End XCConfigurationList section */
	};
	rootObject = A865690F28DC83AA0074995C /* Project object */;
}
